
Microsoft Visual Studio Solution File, Format Version 12.00
# Visual Studio 15
VisualStudioVersion = 15.0.28010.2016
MinimumVisualStudioVersion = 10.0.40219.1
Project("{FAE04EC0-301F-11D3-BF4B-00C04F79EFBC}") = "MakeChange", "MakeChange\MakeChange.csproj", "{894DD377-4FE7-488F-8FB0-62FAE4D658C1}"
EndProject
Project("{FAE04EC0-301F-11D3-BF4B-00C04F79EFBC}") = "MartianWeight", "MartianWeight\MartianWeight.csproj", "{F4DED910-CB4F-47B8-9A21-C065F490CD34}"
EndProject
Global
	GlobalSection(SolutionConfigurationPlatforms) = preSolution
		Debug|Any CPU = Debug|Any CPU
		Release|Any CPU = Release|Any CPU
	EndGlobalSection
	GlobalSection(ProjectConfigurationPlatforms) = postSolution
		{894DD377-4FE7-488F-8FB0-62FAE4D658C1}.Debug|Any CPU.ActiveCfg = Debug|Any CPU
		{894DD377-4FE7-488F-8FB0-62FAE4D658C1}.Debug|Any CPU.Build.0 = Debug|Any CPU
		{894DD377-4FE7-488F-8FB0-62FAE4D658C1}.Release|Any CPU.ActiveCfg = Release|Any CPU
		{894DD377-4FE7-488F-8FB0-62FAE4D658C1}.Release|Any CPU.Build.0 = Release|Any CPU
		{F4DED910-CB4F-47B8-9A21-C065F490CD34}.Debug|Any CPU.ActiveCfg = Debug|Any CPU
		{F4DED910-CB4F-47B8-9A21-C065F490CD34}.Debug|Any CPU.Build.0 = Debug|Any CPU
		{F4DED910-CB4F-47B8-9A21-C065F490CD34}.Release|Any CPU.ActiveCfg = Release|Any CPU
		{F4DED910-CB4F-47B8-9A21-C065F490CD34}.Release|Any CPU.Build.0 = Release|Any CPU
	EndGlobalSection
	GlobalSection(SolutionProperties) = preSolution
		HideSolutionNode = FALSE
	EndGlobalSection
	GlobalSection(ExtensibilityGlobals) = postSolution
		SolutionGuid = {54EC2603-8BCD-4272-9CA9-1012F21619A6}
	EndGlobalSection
EndGlobal
