
Microsoft Visual Studio Solution File, Format Version 12.00
# Visual Studio Version 16
VisualStudioVersion = 16.0.30413.136
MinimumVisualStudioVersion = 10.0.40219.1
Project("{9A19103F-16F7-4668-BE54-9A1E7A4F7556}") = "PetElevator", "PetElevator\PetElevator.csproj", "{C751FB72-D68D-44A6-BDFE-ABD986432D18}"
EndProject
Project("{FAE04EC0-301F-11D3-BF4B-00C04F79EFBC}") = "PetElevator.Tests", "PetElevator.Tests\PetElevator.Tests.csproj", "{33F8FD3F-AF46-4D76-AEC0-67ABFC11BA59}"
EndProject
Global
	GlobalSection(SolutionConfigurationPlatforms) = preSolution
		Debug|Any CPU = Debug|Any CPU
		Release|Any CPU = Release|Any CPU
	EndGlobalSection
	GlobalSection(ProjectConfigurationPlatforms) = postSolution
		{C751FB72-D68D-44A6-BDFE-ABD986432D18}.Debug|Any CPU.ActiveCfg = Debug|Any CPU
		{C751FB72-D68D-44A6-BDFE-ABD986432D18}.Debug|Any CPU.Build.0 = Debug|Any CPU
		{C751FB72-D68D-44A6-BDFE-ABD986432D18}.Release|Any CPU.ActiveCfg = Release|Any CPU
		{C751FB72-D68D-44A6-BDFE-ABD986432D18}.Release|Any CPU.Build.0 = Release|Any CPU
		{33F8FD3F-AF46-4D76-AEC0-67ABFC11BA59}.Debug|Any CPU.ActiveCfg = Debug|Any CPU
		{33F8FD3F-AF46-4D76-AEC0-67ABFC11BA59}.Debug|Any CPU.Build.0 = Debug|Any CPU
		{33F8FD3F-AF46-4D76-AEC0-67ABFC11BA59}.Release|Any CPU.ActiveCfg = Release|Any CPU
		{33F8FD3F-AF46-4D76-AEC0-67ABFC11BA59}.Release|Any CPU.Build.0 = Release|Any CPU
	EndGlobalSection
	GlobalSection(SolutionProperties) = preSolution
		HideSolutionNode = FALSE
	EndGlobalSection
	GlobalSection(ExtensibilityGlobals) = postSolution
		SolutionGuid = {1B1E8842-EC51-4F21-B524-CFE066A87C83}
	EndGlobalSection
EndGlobal
